
Microsoft Visual Studio Solution File, Format Version 12.00
# Visual Studio Version 17
VisualStudioVersion = 17.2.32526.322
MinimumVisualStudioVersion = 10.0.40219.1
Project("{FAE04EC0-301F-11D3-BF4B-00C04F79EFBC}") = "WebApiBoilerPlate.API", "WebApiBoilerPlate.API\WebApiBoilerPlate.API.csproj", "{500F14AA-04B7-4107-A82E-B3CCBD86041E}"
EndProject
Global
	GlobalSection(SolutionConfigurationPlatforms) = preSolution
		Debug|Any CPU = Debug|Any CPU
		Release|Any CPU = Release|Any CPU
	EndGlobalSection
	GlobalSection(ProjectConfigurationPlatforms) = postSolution
		{500F14AA-04B7-4107-A82E-B3CCBD86041E}.Debug|Any CPU.ActiveCfg = Debug|Any CPU
		{500F14AA-04B7-4107-A82E-B3CCBD86041E}.Debug|Any CPU.Build.0 = Debug|Any CPU
		{500F14AA-04B7-4107-A82E-B3CCBD86041E}.Release|Any CPU.ActiveCfg = Release|Any CPU
		{500F14AA-04B7-4107-A82E-B3CCBD86041E}.Release|Any CPU.Build.0 = Release|Any CPU
	EndGlobalSection
	GlobalSection(SolutionProperties) = preSolution
		HideSolutionNode = FALSE
	EndGlobalSection
	GlobalSection(ExtensibilityGlobals) = postSolution
		SolutionGuid = {DF902288-85DD-4D0A-B41F-DE4A31E86D67}
	EndGlobalSection
EndGlobal
